
Microsoft Visual Studio Solution File, Format Version 12.00
# Visual Studio Version 16
VisualStudioVersion = 25.0.1705.4
MinimumVisualStudioVersion = 10.0.40219.1
Project("{FAE04EC0-301F-11D3-BF4B-00C04F79EFBC}") = "TombOfTheMask", "TombOfTheMask.csproj", "{4909443C-386B-4D39-873B-878E5F0189EE}"
EndProject
Global
	GlobalSection(SolutionConfigurationPlatforms) = preSolution
		Debug|Any CPU = Debug|Any CPU
		Release|Any CPU = Release|Any CPU
	EndGlobalSection
	GlobalSection(ProjectConfigurationPlatforms) = postSolution
		{4909443C-386B-4D39-873B-878E5F0189EE}.Debug|Any CPU.ActiveCfg = Debug|Any CPU
		{4909443C-386B-4D39-873B-878E5F0189EE}.Debug|Any CPU.Build.0 = Debug|Any CPU
		{4909443C-386B-4D39-873B-878E5F0189EE}.Release|Any CPU.ActiveCfg = Release|Any CPU
		{4909443C-386B-4D39-873B-878E5F0189EE}.Release|Any CPU.Build.0 = Release|Any CPU
	EndGlobalSection
	GlobalSection(SolutionProperties) = preSolution
		HideSolutionNode = FALSE
	EndGlobalSection
	GlobalSection(ExtensibilityGlobals) = postSolution
		SolutionGuid = {7FE5BA55-69F7-4965-962F-EB6C5131AF51}
	EndGlobalSection
EndGlobal
